// !$*UTF8*$!
{
	archiveVersion = 1;
	classes = {
	};
	objectVersion = 50;
	objects = {

/* Begin PBXBuildFile section */
		AEDDF0582496A852001F6A35 /* AppDelegate.swift in Sources */ = {isa = PBXBuildFile; fileRef = AEDDF0572496A852001F6A35 /* AppDelegate.swift */; };
		AEDDF05A2496A852001F6A35 /* SceneDelegate.swift in Sources */ = {isa = PBXBuildFile; fileRef = AEDDF0592496A852001F6A35 /* SceneDelegate.swift */; };
		AEDDF05C2496A852001F6A35 /* ViewController.swift in Sources */ = {isa = PBXBuildFile; fileRef = AEDDF05B2496A852001F6A35 /* ViewController.swift */; };
		AEDDF05F2496A852001F6A35 /* Main.storyboard in Resources */ = {isa = PBXBuildFile; fileRef = AEDDF05D2496A852001F6A35 /* Main.storyboard */; };
		AEDDF0612496A855001F6A35 /* Assets.xcassets in Resources */ = {isa = PBXBuildFile; fileRef = AEDDF0602496A855001F6A35 /* Assets.xcassets */; };
		AEDDF0642496A855001F6A35 /* LaunchScreen.storyboard in Resources */ = {isa = PBXBuildFile; fileRef = AEDDF0622496A855001F6A35 /* LaunchScreen.storyboard */; };
		AEDDF06D2496A924001F6A35 /* ExpandableTableViewCell.swift in Sources */ = {isa = PBXBuildFile; fileRef = AEDDF06B2496A924001F6A35 /* ExpandableTableViewCell.swift */; };
		AEDDF06E2496A924001F6A35 /* ExpandableTableViewCell.xib in Resources */ = {isa = PBXBuildFile; fileRef = AEDDF06C2496A924001F6A35 /* ExpandableTableViewCell.xib */; };
/* End PBXBuildFile section */

/* Begin PBXFileReference section */
		AEDDF0542496A852001F6A35 /* ExpandableCell.app */ = {isa = PBXFileReference; explicitFileType = wrapper.application; includeInIndex = 0; path = ExpandableCell.app; sourceTree = BUILT_PRODUCTS_DIR; };
		AEDDF0572496A852001F6A35 /* AppDelegate.swift */ = {isa = PBXFileReference; lastKnownFileType = sourcecode.swift; path = AppDelegate.swift; sourceTree = "<group>"; };
		AEDDF0592496A852001F6A35 /* SceneDelegate.swift */ = {isa = PBXFileReference; lastKnownFileType = sourcecode.swift; path = SceneDelegate.swift; sourceTree = "<group>"; };
		AEDDF05B2496A852001F6A35 /* ViewController.swift */ = {isa = PBXFileReference; lastKnownFileType = sourcecode.swift; path = ViewController.swift; sourceTree = "<group>"; };
		AEDDF05E2496A852001F6A35 /* Base */ = {isa = PBXFileReference; lastKnownFileType = file.storyboard; name = Base; path = Base.lproj/Main.storyboard; sourceTree = "<group>"; };
		AEDDF0602496A855001F6A35 /* Assets.xcassets */ = {isa = PBXFileReference; lastKnownFileType = folder.assetcatalog; path = Assets.xcassets; sourceTree = "<group>"; };
		AEDDF0632496A855001F6A35 /* Base */ = {isa = PBXFileReference; lastKnownFileType = file.storyboard; name = Base; path = Base.lproj/LaunchScreen.storyboard; sourceTree = "<group>"; };
		AEDDF0652496A855001F6A35 /* Info.plist */ = {isa = PBXFileReference; lastKnownFileType = text.plist.xml; path = Info.plist; sourceTree = "<group>"; };
		AEDDF06B2496A924001F6A35 /* ExpandableTableViewCell.swift */ = {isa = PBXFileReference; lastKnownFileType = sourcecode.swift; path = ExpandableTableViewCell.swift; sourceTree = "<group>"; };
		AEDDF06C2496A924001F6A35 /* ExpandableTableViewCell.xib */ = {isa = PBXFileReference; lastKnownFileType = file.xib; path = ExpandableTableViewCell.xib; sourceTree = "<group>"; };
/* End PBXFileReference section */

/* Begin PBXFrameworksBuildPhase section */
		AEDDF0512496A852001F6A35 /* Frameworks */ = {
			isa = PBXFrameworksBuildPhase;
			buildActionMask = 2147483647;
			files = (
			);
			runOnlyForDeploymentPostprocessing = 0;
		};
/* End PBXFrameworksBuildPhase section */

/* Begin PBXGroup section */
		AEDDF04B2496A852001F6A35 = {
			isa = PBXGroup;
			children = (
				AEDDF0562496A852001F6A35 /* ExpandableCell */,
				AEDDF0552496A852001F6A35 /* Products */,
			);
			sourceTree = "<group>";
		};
		AEDDF0552496A852001F6A35 /* Products */ = {
			isa = PBXGroup;
			children = (
				AEDDF0542496A852001F6A35 /* ExpandableCell.app */,
			);
			name = Products;
			sourceTree = "<group>";
		};
		AEDDF0562496A852001F6A35 /* ExpandableCell */ = {
			isa = PBXGroup;
			children = (
				AEDDF0572496A852001F6A35 /* AppDelegate.swift */,
				AEDDF0592496A852001F6A35 /* SceneDelegate.swift */,
				AEDDF05B2496A852001F6A35 /* ViewController.swift */,
				AEDDF06B2496A924001F6A35 /* ExpandableTableViewCell.swift */,
				AEDDF06C2496A924001F6A35 /* ExpandableTableViewCell.xib */,
				AEDDF05D2496A852001F6A35 /* Main.storyboard */,
				AEDDF0602496A855001F6A35 /* Assets.xcassets */,
				AEDDF0622496A855001F6A35 /* LaunchScreen.storyboard */,
				AEDDF0652496A855001F6A35 /* Info.plist */,
			);
			path = ExpandableCell;
			sourceTree = "<group>";
		};
/* End PBXGroup section */

/* Begin PBXNativeTarget section */
		AEDDF0532496A852001F6A35 /* ExpandableCell */ = {
			isa = PBXNativeTarget;
			buildConfigurationList = AEDDF0682496A855001F6A35 /* Build configuration list for PBXNativeTarget "ExpandableCell" */;
			buildPhases = (
				AEDDF0502496A852001F6A35 /* Sources */,
				AEDDF0512496A852001F6A35 /* Frameworks */,
				AEDDF0522496A852001F6A35 /* Resources */,
			);
			buildRules = (
			);
			dependencies = (
			);
			name = ExpandableCell;
			productName = ExpandableCell;
			productReference = AEDDF0542496A852001F6A35 /* ExpandableCell.app */;
			productType = "com.apple.product-type.application";
		};
/* End PBXNativeTarget section */

/* Begin PBXProject section */
		AEDDF04C2496A852001F6A35 /* Project object */ = {
			isa = PBXProject;
			attributes = {
				LastSwiftUpdateCheck = 1150;
				LastUpgradeCheck = 1150;
				ORGANIZATIONNAME = "Prasath Srithar";
				TargetAttributes = {
					AEDDF0532496A852001F6A35 = {
						CreatedOnToolsVersion = 11.5;
					};
				};
			};
			buildConfigurationList = AEDDF04F2496A852001F6A35 /* Build configuration list for PBXProject "ExpandableCell" */;
			compatibilityVersion = "Xcode 9.3";
			developmentRegion = en;
			hasScannedForEncodings = 0;
			knownRegions = (
				en,
				Base,
			);
			mainGroup = AEDDF04B2496A852001F6A35;
			productRefGroup = AEDDF0552496A852001F6A35 /* Products */;
			projectDirPath = "";
			projectRoot = "";
			targets = (
				AEDDF0532496A852001F6A35 /* ExpandableCell */,
			);
		};
/* End PBXProject section */

/* Begin PBXResourcesBuildPhase section */
		AEDDF0522496A852001F6A35 /* Resources */ = {
			isa = PBXResourcesBuildPhase;
			buildActionMask = 2147483647;
			files = (
				AEDDF0642496A855001F6A35 /* LaunchScreen.storyboard in Resources */,
				AEDDF0612496A855001F6A35 /* Assets.xcassets in Resources */,
				AEDDF05F2496A852001F6A35 /* Main.storyboard in Resources */,
				AEDDF06E2496A924001F6A35 /* ExpandableTableViewCell.xib in Resources */,
			);
			runOnlyForDeploymentPostprocessing = 0;
		};
/* End PBXResourcesBuildPhase section */

/* Begin PBXSourcesBuildPhase section */
		AEDDF0502496A852001F6A35 /* Sources */ = {
			isa = PBXSourcesBuildPhase;
			buildActionMask = 2147483647;
			files = (
				AEDDF05C2496A852001F6A35 /* ViewController.swift in Sources */,
				AEDDF0582496A852001F6A35 /* AppDelegate.swift in Sources */,
				AEDDF05A2496A852001F6A35 /* SceneDelegate.swift in Sources */,
				AEDDF06D2496A924001F6A35 /* ExpandableTableViewCell.swift in Sources */,
			);
			runOnlyForDeploymentPostprocessing = 0;
		};
/* End PBXSourcesBuildPhase section */

/* Begin PBXVariantGroup section */
		AEDDF05D2496A852001F6A35 /* Main.storyboard */ = {
			isa = PBXVariantGroup;
			children = (
				AEDDF05E2496A852001F6A35 /* Base */,
			);
			name = Main.storyboard;
			sourceTree = "<group>";
		};
		AEDDF0622496A855001F6A35 /* LaunchScreen.storyboard */ = {
			isa = PBXVariantGroup;
			children = (
				AEDDF0632496A855001F6A35 /* Base */,
			);
			name = LaunchScreen.storyboard;
			sourceTree = "<group>";
		};
/* End PBXVariantGroup section */

/* Begin XCBuildConfiguration section */
		AEDDF0662496A855001F6A35 /* Debug */ = {
			isa = XCBuildConfiguration;
			buildSettings = {
				ALWAYS_SEARCH_USER_PATHS = NO;
				CLANG_ANALYZER_NONNULL = YES;
				CLANG_ANALYZER_NUMBER_OBJECT_CONVERSION = YES_AGGRESSIVE;
				CLANG_CXX_LANGUAGE_STANDARD = "gnu++14";
				CLANG_CXX_LIBRARY = "libc++";
				CLANG_ENABLE_MODULES = YES;
				CLANG_ENABLE_OBJC_ARC = YES;
				CLANG_ENABLE_OBJC_WEAK = YES;
				CLANG_WARN_BLOCK_CAPTURE_AUTORELEASING = YES;
				CLANG_WARN_BOOL_CONVERSION = YES;
				CLANG_WARN_COMMA = YES;
				CLANG_WARN_CONSTANT_CONVERSION = YES;
				CLANG_WARN_DEPRECATED_OBJC_IMPLEMENTATIONS = YES;
				CLANG_WARN_DIRECT_OBJC_ISA_USAGE = YES_ERROR;
				CLANG_WARN_DOCUMENTATION_COMMENTS = YES;
				CLANG_WARN_EMPTY_BODY = YES;
				CLANG_WARN_ENUM_CONVERSION = YES;
				CLANG_WARN_INFINITE_RECURSION = YES;
				CLANG_WARN_INT_CONVERSION = YES;
				CLANG_WARN_NON_LITERAL_NULL_CONVERSION = YES;
				CLANG_WARN_OBJC_IMPLICIT_RETAIN_SELF = YES;
				CLANG_WARN_OBJC_LITERAL_CONVERSION = YES;
				CLANG_WARN_OBJC_ROOT_CLASS = YES_ERROR;
				CLANG_WARN_RANGE_LOOP_ANALYSIS = YES;
				CLANG_WARN_STRICT_PROTOTYPES = YES;
				CLANG_WARN_SUSPICIOUS_MOVE = YES;
				CLANG_WARN_UNGUARDED_AVAILABILITY = YES_AGGRESSIVE;
				CLANG_WARN_UNREACHABLE_CODE = YES;
				CLANG_WARN__DUPLICATE_METHOD_MATCH = YES;
				COPY_PHASE_STRIP = NO;
				DEBUG_INFORMATION_FORMAT = dwarf;
				ENABLE_STRICT_OBJC_MSGSEND = YES;
				ENABLE_TESTABILITY = YES;
				GCC_C_LANGUAGE_STANDARD = gnu11;
				GCC_DYNAMIC_NO_PIC = NO;
				GCC_NO_COMMON_BLOCKS = YES;
				GCC_OPTIMIZATION_LEVEL = 0;
				GCC_PREPROCESSOR_DEFINITIONS = (
					"DEBUG=1",
					"$(inherited)",
				);
				GCC_WARN_64_TO_32_BIT_CONVERSION = YES;
				GCC_WARN_ABOUT_RETURN_TYPE = YES_ERROR;
				GCC_WARN_UNDECLARED_SELECTOR = YES;
				GCC_WARN_UNINITIALIZED_AUTOS = YES_AGGRESSIVE;
				GCC_WARN_UNUSED_FUNCTION = YES;
				GCC_WARN_UNUSED_VARIABLE = YES;
				IPHONEOS_DEPLOYMENT_TARGET = 13.5;
				MTL_ENABLE_DEBUG_INFO = INCLUDE_SOURCE;
				MTL_FAST_MATH = YES;
				ONLY_ACTIVE_ARCH = YES;
				SDKROOT = iphoneos;
				SWIFT_ACTIVE_COMPILATION_CONDITIONS = DEBUG;
				SWIFT_OPTIMIZATION_LEVEL = "-Onone";
			};
			name = Debug;
		};
		AEDDF0672496A855001F6A35 /* Release */ = {
			isa = XCBuildConfiguration;
			buildSettings = {
				ALWAYS_SEARCH_USER_PATHS = NO;
				CLANG_ANALYZER_NONNULL = YES;
				CLANG_ANALYZER_NUMBER_OBJECT_CONVERSION = YES_AGGRESSIVE;
				CLANG_CXX_LANGUAGE_STANDARD = "gnu++14";
				CLANG_CXX_LIBRARY = "libc++";
				CLANG_ENABLE_MODULES = YES;
				CLANG_ENABLE_OBJC_ARC = YES;
				CLANG_ENABLE_OBJC_WEAK = YES;
				CLANG_WARN_BLOCK_CAPTURE_AUTORELEASING = YES;
				CLANG_WARN_BOOL_CONVERSION = YES;
				CLANG_WARN_COMMA = YES;
				CLANG_WARN_CONSTANT_CONVERSION = YES;
				CLANG_WARN_DEPRECATED_OBJC_IMPLEMENTATIONS = YES;
				CLANG_WARN_DIRECT_OBJC_ISA_USAGE = YES_ERROR;
				CLANG_WARN_DOCUMENTATION_COMMENTS = YES;
				CLANG_WARN_EMPTY_BODY = YES;
				CLANG_WARN_ENUM_CONVERSION = YES;
				CLANG_WARN_INFINITE_RECURSION = YES;
				CLANG_WARN_INT_CONVERSION = YES;
				CLANG_WARN_NON_LITERAL_NULL_CONVERSION = YES;
				CLANG_WARN_OBJC_IMPLICIT_RETAIN_SELF = YES;
				CLANG_WARN_OBJC_LITERAL_CONVERSION = YES;
				CLANG_WARN_OBJC_ROOT_CLASS = YES_ERROR;
				CLANG_WARN_RANGE_LOOP_ANALYSIS = YES;
				CLANG_WARN_STRICT_PROTOTYPES = YES;
				CLANG_WARN_SUSPICIOUS_MOVE = YES;
				CLANG_WARN_UNGUARDED_AVAILABILITY = YES_AGGRESSIVE;
				CLANG_WARN_UNREACHABLE_CODE = YES;
				CLANG_WARN__DUPLICATE_METHOD_MATCH = YES;
				COPY_PHASE_STRIP = NO;
				DEBUG_INFORMATION_FORMAT = "dwarf-with-dsym";
				ENABLE_NS_ASSERTIONS = NO;
				ENABLE_STRICT_OBJC_MSGSEND = YES;
				GCC_C_LANGUAGE_STANDARD = gnu11;
				GCC_NO_COMMON_BLOCKS = YES;
				GCC_WARN_64_TO_32_BIT_CONVERSION = YES;
				GCC_WARN_ABOUT_RETURN_TYPE = YES_ERROR;
				GCC_WARN_UNDECLARED_SELECTOR = YES;
				GCC_WARN_UNINITIALIZED_AUTOS = YES_AGGRESSIVE;
				GCC_WARN_UNUSED_FUNCTION = YES;
				GCC_WARN_UNUSED_VARIABLE = YES;
				IPHONEOS_DEPLOYMENT_TARGET = 13.5;
				MTL_ENABLE_DEBUG_INFO = NO;
				MTL_FAST_MATH = YES;
				SDKROOT = iphoneos;
				SWIFT_COMPILATION_MODE = wholemodule;
				SWIFT_OPTIMIZATION_LEVEL = "-O";
				VALIDATE_PRODUCT = YES;
			};
			name = Release;
		};
		AEDDF0692496A855001F6A35 /* Debug */ = {
			isa = XCBuildConfiguration;
			buildSettings = {
				ASSETCATALOG_COMPILER_APPICON_NAME = AppIcon;
				CODE_SIGN_STYLE = Automatic;
				DEVELOPMENT_TEAM = 4NCWA5D7GZ;
				INFOPLIST_FILE = ExpandableCell/Info.plist;
				LD_RUNPATH_SEARCH_PATHS = (
					"$(inherited)",
					"@executable_path/Frameworks",
				);
				PRODUCT_BUNDLE_IDENTIFIER = com.prasath.ExpandableCell;
				PRODUCT_NAME = "$(TARGET_NAME)";
				SWIFT_VERSION = 5.0;
				TARGETED_DEVICE_FAMILY = "1,2";
			};
			name = Debug;
		};
		AEDDF06A2496A855001F6A35 /* Release */ = {
			isa = XCBuildConfiguration;
			buildSettings = {
				ASSETCATALOG_COMPILER_APPICON_NAME = AppIcon;
				CODE_SIGN_STYLE = Automatic;
				DEVELOPMENT_TEAM = 4NCWA5D7GZ;
				INFOPLIST_FILE = ExpandableCell/Info.plist;
				LD_RUNPATH_SEARCH_PATHS = (
					"$(inherited)",
					"@executable_path/Frameworks",
				);
				PRODUCT_BUNDLE_IDENTIFIER = com.prasath.ExpandableCell;
				PRODUCT_NAME = "$(TARGET_NAME)";
				SWIFT_VERSION = 5.0;
				TARGETED_DEVICE_FAMILY = "1,2";
			};
			name = Release;
		};
/* End XCBuildConfiguration section */

/* Begin XCConfigurationList section */
		AEDDF04F2496A852001F6A35 /* Build configuration list for PBXProject "ExpandableCell" */ = {
			isa = XCConfigurationList;
			buildConfigurations = (
				AEDDF0662496A855001F6A35 /* Debug */,
				AEDDF0672496A855001F6A35 /* Release */,
			);
			defaultConfigurationIsVisible = 0;
			defaultConfigurationName = Release;
		};
		AEDDF0682496A855001F6A35 /* Build configuration list for PBXNativeTarget "ExpandableCell" */ = {
			isa = XCConfigurationList;
			buildConfigurations = (
				AEDDF0692496A855001F6A35 /* Debug */,
				AEDDF06A2496A855001F6A35 /* Release */,
			);
			defaultConfigurationIsVisible = 0;
			defaultConfigurationName = Release;
		};
/* End XCConfigurationList section */
	};
	rootObject = AEDDF04C2496A852001F6A35 /* Project object */;
}
